
Microsoft Visual Studio Solution File, Format Version 12.00
# Visual Studio Version 16
VisualStudioVersion = 16.0.31702.278
MinimumVisualStudioVersion = 10.0.40219.1
Project("{FAE04EC0-301F-11D3-BF4B-00C04F79EFBC}") = "XtraBlogDb", "XtraBlogDb\XtraBlogDb.csproj", "{9D9BCAED-C221-4AF0-B956-2BE8F7D42F09}"
EndProject
Project("{FAE04EC0-301F-11D3-BF4B-00C04F79EFBC}") = "Core", "Core\Core.csproj", "{F582BB5B-85F1-4408-9462-0AA2FE75F390}"
EndProject
Project("{FAE04EC0-301F-11D3-BF4B-00C04F79EFBC}") = "NTier.Bussines", "NTier.Bussines\NTier.Bussines.csproj", "{18BB2DF2-A6B6-4D1E-B499-FDD052A2FB49}"
EndProject
Project("{FAE04EC0-301F-11D3-BF4B-00C04F79EFBC}") = "NTier.DataAccess", "NTier.DataAccess\NTier.DataAccess.csproj", "{38F1628B-F114-456B-809C-4DBF663B8C8A}"
EndProject
Project("{FAE04EC0-301F-11D3-BF4B-00C04F79EFBC}") = "NTier.Entities", "NTier.Entities\NTier.Entities.csproj", "{A7E59E09-40B0-4088-AD69-65A327D859E8}"
EndProject
Global
	GlobalSection(SolutionConfigurationPlatforms) = preSolution
		Debug|Any CPU = Debug|Any CPU
		Release|Any CPU = Release|Any CPU
	EndGlobalSection
	GlobalSection(ProjectConfigurationPlatforms) = postSolution
		{9D9BCAED-C221-4AF0-B956-2BE8F7D42F09}.Debug|Any CPU.ActiveCfg = Debug|Any CPU
		{9D9BCAED-C221-4AF0-B956-2BE8F7D42F09}.Debug|Any CPU.Build.0 = Debug|Any CPU
		{9D9BCAED-C221-4AF0-B956-2BE8F7D42F09}.Release|Any CPU.ActiveCfg = Release|Any CPU
		{9D9BCAED-C221-4AF0-B956-2BE8F7D42F09}.Release|Any CPU.Build.0 = Release|Any CPU
		{F582BB5B-85F1-4408-9462-0AA2FE75F390}.Debug|Any CPU.ActiveCfg = Debug|Any CPU
		{F582BB5B-85F1-4408-9462-0AA2FE75F390}.Debug|Any CPU.Build.0 = Debug|Any CPU
		{F582BB5B-85F1-4408-9462-0AA2FE75F390}.Release|Any CPU.ActiveCfg = Release|Any CPU
		{F582BB5B-85F1-4408-9462-0AA2FE75F390}.Release|Any CPU.Build.0 = Release|Any CPU
		{18BB2DF2-A6B6-4D1E-B499-FDD052A2FB49}.Debug|Any CPU.ActiveCfg = Debug|Any CPU
		{18BB2DF2-A6B6-4D1E-B499-FDD052A2FB49}.Debug|Any CPU.Build.0 = Debug|Any CPU
		{18BB2DF2-A6B6-4D1E-B499-FDD052A2FB49}.Release|Any CPU.ActiveCfg = Release|Any CPU
		{18BB2DF2-A6B6-4D1E-B499-FDD052A2FB49}.Release|Any CPU.Build.0 = Release|Any CPU
		{38F1628B-F114-456B-809C-4DBF663B8C8A}.Debug|Any CPU.ActiveCfg = Debug|Any CPU
		{38F1628B-F114-456B-809C-4DBF663B8C8A}.Debug|Any CPU.Build.0 = Debug|Any CPU
		{38F1628B-F114-456B-809C-4DBF663B8C8A}.Release|Any CPU.ActiveCfg = Release|Any CPU
		{38F1628B-F114-456B-809C-4DBF663B8C8A}.Release|Any CPU.Build.0 = Release|Any CPU
		{A7E59E09-40B0-4088-AD69-65A327D859E8}.Debug|Any CPU.ActiveCfg = Debug|Any CPU
		{A7E59E09-40B0-4088-AD69-65A327D859E8}.Debug|Any CPU.Build.0 = Debug|Any CPU
		{A7E59E09-40B0-4088-AD69-65A327D859E8}.Release|Any CPU.ActiveCfg = Release|Any CPU
		{A7E59E09-40B0-4088-AD69-65A327D859E8}.Release|Any CPU.Build.0 = Release|Any CPU
	EndGlobalSection
	GlobalSection(SolutionProperties) = preSolution
		HideSolutionNode = FALSE
	EndGlobalSection
	GlobalSection(ExtensibilityGlobals) = postSolution
		SolutionGuid = {E9A9F626-C089-4A92-80BD-CC29A7FA6EB6}
	EndGlobalSection
EndGlobal
